{
  "requires": true,
  "lockfileVersion": 1,
  "dependencies": {
    "sweetalert2": {
      "version": "8.8.7",
      "resolved": "https://registry.npmjs.org/sweetalert2/-/sweetalert2-8.8.7.tgz",
      "integrity": "sha512-RYJ32Haqv7eqeMRl79IVfvWfsL0xgF6qcDvlYZVLoDhR3cAVQgsiMy40f13DkoRaz+V2smGbUNdzhO3otnJrIA=="
    }
  }
}
